
Microsoft Visual Studio Solution File, Format Version 12.00
# Visual Studio 2013
VisualStudioVersion = 12.0.31101.0
MinimumVisualStudioVersion = 10.0.40219.1
Project("{8BC9CEB8-8B4A-11D0-8D11-00A0C91BC942}") = "PowerVR_OGLES", "PowerVR_OGLES\PowerVR_OGLES.vcxproj", "{C185C8A3-C8FC-4935-A638-0FFAA3A9B6FD}"
EndProject
Global
	GlobalSection(SolutionConfigurationPlatforms) = preSolution
		Debug|Win32 = Debug|Win32
		Release|Win32 = Release|Win32
	EndGlobalSection
	GlobalSection(ProjectConfigurationPlatforms) = postSolution
		{C185C8A3-C8FC-4935-A638-0FFAA3A9B6FD}.Debug|Win32.ActiveCfg = Debug|Win32
		{C185C8A3-C8FC-4935-A638-0FFAA3A9B6FD}.Debug|Win32.Build.0 = Debug|Win32
		{C185C8A3-C8FC-4935-A638-0FFAA3A9B6FD}.Release|Win32.ActiveCfg = Release|Win32
		{C185C8A3-C8FC-4935-A638-0FFAA3A9B6FD}.Release|Win32.Build.0 = Release|Win32
	EndGlobalSection
	GlobalSection(SolutionProperties) = preSolution
		HideSolutionNode = FALSE
	EndGlobalSection
EndGlobal
